// !$*UTF8*$!
{
	archiveVersion = 1;
	classes = {
	};
	objectVersion = 56;
	objects = {

/* Begin PBXBuildFile section */
		FB8DDF8F2BD6D1FE0038BD95 /* theMusiumApp.swift in Sources */ = {isa = PBXBuildFile; fileRef = FB8DDF8E2BD6D1FE0038BD95 /* theMusiumApp.swift */; };
		FB8DDF912BD6D1FE0038BD95 /* ContentView.swift in Sources */ = {isa = PBXBuildFile; fileRef = FB8DDF902BD6D1FE0038BD95 /* ContentView.swift */; };
		FB8DDF932BD6D1FE0038BD95 /* Item.swift in Sources */ = {isa = PBXBuildFile; fileRef = FB8DDF922BD6D1FE0038BD95 /* Item.swift */; };
		FB8DDF952BD6D1FF0038BD95 /* Assets.xcassets in Resources */ = {isa = PBXBuildFile; fileRef = FB8DDF942BD6D1FF0038BD95 /* Assets.xcassets */; };
		FB8DDF982BD6D1FF0038BD95 /* Preview Assets.xcassets in Resources */ = {isa = PBXBuildFile; fileRef = FB8DDF972BD6D1FF0038BD95 /* Preview Assets.xcassets */; };
		FB8DDFA02BD6D2D10038BD95 /* MusicView.swift in Sources */ = {isa = PBXBuildFile; fileRef = FB8DDF9F2BD6D2D10038BD95 /* MusicView.swift */; };
		FB8DDFA22BD6D2E50038BD95 /* MusicSearchView.swift in Sources */ = {isa = PBXBuildFile; fileRef = FB8DDFA12BD6D2E50038BD95 /* MusicSearchView.swift */; };
		FB8DDFA42BD6D2FA0038BD95 /* AddTodayMusicView.swift in Sources */ = {isa = PBXBuildFile; fileRef = FB8DDFA32BD6D2FA0038BD95 /* AddTodayMusicView.swift */; };
		FB8DDFA72BD6D3200038BD95 /* AddTodayMusicButtonLabel.swift in Sources */ = {isa = PBXBuildFile; fileRef = FB8DDFA62BD6D3200038BD95 /* AddTodayMusicButtonLabel.swift */; };
		FB8DDFAC2BD6D3600038BD95 /* ContentViewModel.swift in Sources */ = {isa = PBXBuildFile; fileRef = FB8DDFAB2BD6D3600038BD95 /* ContentViewModel.swift */; };
		FB8DDFAE2BD6D3780038BD95 /* DailyMusic.swift in Sources */ = {isa = PBXBuildFile; fileRef = FB8DDFAD2BD6D3780038BD95 /* DailyMusic.swift */; };
		FB8DDFB02BD6D3870038BD95 /* Music.swift in Sources */ = {isa = PBXBuildFile; fileRef = FB8DDFAF2BD6D3870038BD95 /* Music.swift */; };
		FB8DDFB22BD6D3A90038BD95 /* Extension+date.swift in Sources */ = {isa = PBXBuildFile; fileRef = FB8DDFB12BD6D3A90038BD95 /* Extension+date.swift */; };
		FB8DDFB42BD6D3EE0038BD95 /* DateTitleView.swift in Sources */ = {isa = PBXBuildFile; fileRef = FB8DDFB32BD6D3EE0038BD95 /* DateTitleView.swift */; };
		FB8DDFB62BD6D4040038BD95 /* DottedLine.swift in Sources */ = {isa = PBXBuildFile; fileRef = FB8DDFB52BD6D4040038BD95 /* DottedLine.swift */; };
		FB8DDFB82BD6D4160038BD95 /* MusicCalendarView.swift in Sources */ = {isa = PBXBuildFile; fileRef = FB8DDFB72BD6D4160038BD95 /* MusicCalendarView.swift */; };
		FB8DDFBA2BD6D4480038BD95 /* MusicSearchRow.swift in Sources */ = {isa = PBXBuildFile; fileRef = FB8DDFB92BD6D4480038BD95 /* MusicSearchRow.swift */; };
		FB8DDFC42BD6D80E0038BD95 /* ShipporiMincho-SemiBold.ttf in Resources */ = {isa = PBXBuildFile; fileRef = FB8DDFBF2BD6D80D0038BD95 /* ShipporiMincho-SemiBold.ttf */; };
		FB8DDFC52BD6D80E0038BD95 /* ShipporiMincho-Medium.ttf in Resources */ = {isa = PBXBuildFile; fileRef = FB8DDFC02BD6D80D0038BD95 /* ShipporiMincho-Medium.ttf */; };
		FB8DDFC62BD6D80E0038BD95 /* ShipporiMincho-ExtraBold.ttf in Resources */ = {isa = PBXBuildFile; fileRef = FB8DDFC12BD6D80D0038BD95 /* ShipporiMincho-ExtraBold.ttf */; };
		FB8DDFC72BD6D80E0038BD95 /* ShipporiMincho-Bold.ttf in Resources */ = {isa = PBXBuildFile; fileRef = FB8DDFC22BD6D80E0038BD95 /* ShipporiMincho-Bold.ttf */; };
		FB8DDFC82BD6D80E0038BD95 /* ShipporiMincho-Regular.ttf in Resources */ = {isa = PBXBuildFile; fileRef = FB8DDFC32BD6D80E0038BD95 /* ShipporiMincho-Regular.ttf */; };
/* End PBXBuildFile section */

/* Begin PBXFileReference section */
		FB8DDF8B2BD6D1FE0038BD95 /* theMusium.app */ = {isa = PBXFileReference; explicitFileType = wrapper.application; includeInIndex = 0; path = theMusium.app; sourceTree = BUILT_PRODUCTS_DIR; };
		FB8DDF8E2BD6D1FE0038BD95 /* theMusiumApp.swift */ = {isa = PBXFileReference; lastKnownFileType = sourcecode.swift; path = theMusiumApp.swift; sourceTree = "<group>"; };
		FB8DDF902BD6D1FE0038BD95 /* ContentView.swift */ = {isa = PBXFileReference; lastKnownFileType = sourcecode.swift; path = ContentView.swift; sourceTree = "<group>"; };
		FB8DDF922BD6D1FE0038BD95 /* Item.swift */ = {isa = PBXFileReference; lastKnownFileType = sourcecode.swift; path = Item.swift; sourceTree = "<group>"; };
		FB8DDF942BD6D1FF0038BD95 /* Assets.xcassets */ = {isa = PBXFileReference; lastKnownFileType = folder.assetcatalog; path = Assets.xcassets; sourceTree = "<group>"; };
		FB8DDF972BD6D1FF0038BD95 /* Preview Assets.xcassets */ = {isa = PBXFileReference; lastKnownFileType = folder.assetcatalog; path = "Preview Assets.xcassets"; sourceTree = "<group>"; };
		FB8DDF9F2BD6D2D10038BD95 /* MusicView.swift */ = {isa = PBXFileReference; lastKnownFileType = sourcecode.swift; path = MusicView.swift; sourceTree = "<group>"; };
		FB8DDFA12BD6D2E50038BD95 /* MusicSearchView.swift */ = {isa = PBXFileReference; lastKnownFileType = sourcecode.swift; path = MusicSearchView.swift; sourceTree = "<group>"; };
		FB8DDFA32BD6D2FA0038BD95 /* AddTodayMusicView.swift */ = {isa = PBXFileReference; lastKnownFileType = sourcecode.swift; path = AddTodayMusicView.swift; sourceTree = "<group>"; };
		FB8DDFA62BD6D3200038BD95 /* AddTodayMusicButtonLabel.swift */ = {isa = PBXFileReference; lastKnownFileType = sourcecode.swift; path = AddTodayMusicButtonLabel.swift; sourceTree = "<group>"; };
		FB8DDFAB2BD6D3600038BD95 /* ContentViewModel.swift */ = {isa = PBXFileReference; lastKnownFileType = sourcecode.swift; path = ContentViewModel.swift; sourceTree = "<group>"; };
		FB8DDFAD2BD6D3780038BD95 /* DailyMusic.swift */ = {isa = PBXFileReference; lastKnownFileType = sourcecode.swift; path = DailyMusic.swift; sourceTree = "<group>"; };
		FB8DDFAF2BD6D3870038BD95 /* Music.swift */ = {isa = PBXFileReference; lastKnownFileType = sourcecode.swift; path = Music.swift; sourceTree = "<group>"; };
		FB8DDFB12BD6D3A90038BD95 /* Extension+date.swift */ = {isa = PBXFileReference; lastKnownFileType = sourcecode.swift; path = "Extension+date.swift"; sourceTree = "<group>"; };
		FB8DDFB32BD6D3EE0038BD95 /* DateTitleView.swift */ = {isa = PBXFileReference; lastKnownFileType = sourcecode.swift; path = DateTitleView.swift; sourceTree = "<group>"; };
		FB8DDFB52BD6D4040038BD95 /* DottedLine.swift */ = {isa = PBXFileReference; lastKnownFileType = sourcecode.swift; path = DottedLine.swift; sourceTree = "<group>"; };
		FB8DDFB72BD6D4160038BD95 /* MusicCalendarView.swift */ = {isa = PBXFileReference; lastKnownFileType = sourcecode.swift; path = MusicCalendarView.swift; sourceTree = "<group>"; };
		FB8DDFB92BD6D4480038BD95 /* MusicSearchRow.swift */ = {isa = PBXFileReference; lastKnownFileType = sourcecode.swift; path = MusicSearchRow.swift; sourceTree = "<group>"; };
		FB8DDFBB2BD6D73B0038BD95 /* Info.plist */ = {isa = PBXFileReference; lastKnownFileType = text.plist; path = Info.plist; sourceTree = "<group>"; };
		FB8DDFBF2BD6D80D0038BD95 /* ShipporiMincho-SemiBold.ttf */ = {isa = PBXFileReference; lastKnownFileType = file; path = "ShipporiMincho-SemiBold.ttf"; sourceTree = "<group>"; };
		FB8DDFC02BD6D80D0038BD95 /* ShipporiMincho-Medium.ttf */ = {isa = PBXFileReference; lastKnownFileType = file; path = "ShipporiMincho-Medium.ttf"; sourceTree = "<group>"; };
		FB8DDFC12BD6D80D0038BD95 /* ShipporiMincho-ExtraBold.ttf */ = {isa = PBXFileReference; lastKnownFileType = file; path = "ShipporiMincho-ExtraBold.ttf"; sourceTree = "<group>"; };
		FB8DDFC22BD6D80E0038BD95 /* ShipporiMincho-Bold.ttf */ = {isa = PBXFileReference; lastKnownFileType = file; path = "ShipporiMincho-Bold.ttf"; sourceTree = "<group>"; };
		FB8DDFC32BD6D80E0038BD95 /* ShipporiMincho-Regular.ttf */ = {isa = PBXFileReference; lastKnownFileType = file; path = "ShipporiMincho-Regular.ttf"; sourceTree = "<group>"; };
/* End PBXFileReference section */

/* Begin PBXFrameworksBuildPhase section */
		FB8DDF882BD6D1FE0038BD95 /* Frameworks */ = {
			isa = PBXFrameworksBuildPhase;
			buildActionMask = 2147483647;
			files = (
			);
			runOnlyForDeploymentPostprocessing = 0;
		};
/* End PBXFrameworksBuildPhase section */

/* Begin PBXGroup section */
		FB8DDF822BD6D1FE0038BD95 = {
			isa = PBXGroup;
			children = (
				FB8DDF8D2BD6D1FE0038BD95 /* theMusium */,
				FB8DDF8C2BD6D1FE0038BD95 /* Products */,
			);
			sourceTree = "<group>";
		};
		FB8DDF8C2BD6D1FE0038BD95 /* Products */ = {
			isa = PBXGroup;
			children = (
				FB8DDF8B2BD6D1FE0038BD95 /* theMusium.app */,
			);
			name = Products;
			sourceTree = "<group>";
		};
		FB8DDF8D2BD6D1FE0038BD95 /* theMusium */ = {
			isa = PBXGroup;
			children = (
				FB8DDFBC2BD6D7940038BD95 /* Resources */,
				FB8DDFBB2BD6D73B0038BD95 /* Info.plist */,
				FB8DDFAA2BD6D34D0038BD95 /* Extensions */,
				FB8DDFA92BD6D3480038BD95 /* ViewModels */,
				FB8DDFA82BD6D33D0038BD95 /* Models */,
				FB8DDFA52BD6D3160038BD95 /* Components */,
				FB8DDF9E2BD6D2C00038BD95 /* Views */,
				FB8DDF8E2BD6D1FE0038BD95 /* theMusiumApp.swift */,
				FB8DDF902BD6D1FE0038BD95 /* ContentView.swift */,
				FB8DDF922BD6D1FE0038BD95 /* Item.swift */,
				FB8DDF942BD6D1FF0038BD95 /* Assets.xcassets */,
				FB8DDF962BD6D1FF0038BD95 /* Preview Content */,
			);
			path = theMusium;
			sourceTree = "<group>";
		};
		FB8DDF962BD6D1FF0038BD95 /* Preview Content */ = {
			isa = PBXGroup;
			children = (
				FB8DDF972BD6D1FF0038BD95 /* Preview Assets.xcassets */,
			);
			path = "Preview Content";
			sourceTree = "<group>";
		};
		FB8DDF9E2BD6D2C00038BD95 /* Views */ = {
			isa = PBXGroup;
			children = (
				FB8DDF9F2BD6D2D10038BD95 /* MusicView.swift */,
				FB8DDFA12BD6D2E50038BD95 /* MusicSearchView.swift */,
				FB8DDFA32BD6D2FA0038BD95 /* AddTodayMusicView.swift */,
			);
			path = Views;
			sourceTree = "<group>";
		};
		FB8DDFA52BD6D3160038BD95 /* Components */ = {
			isa = PBXGroup;
			children = (
				FB8DDFA62BD6D3200038BD95 /* AddTodayMusicButtonLabel.swift */,
				FB8DDFB32BD6D3EE0038BD95 /* DateTitleView.swift */,
				FB8DDFB52BD6D4040038BD95 /* DottedLine.swift */,
				FB8DDFB72BD6D4160038BD95 /* MusicCalendarView.swift */,
				FB8DDFB92BD6D4480038BD95 /* MusicSearchRow.swift */,
			);
			path = Components;
			sourceTree = "<group>";
		};
		FB8DDFA82BD6D33D0038BD95 /* Models */ = {
			isa = PBXGroup;
			children = (
				FB8DDFAD2BD6D3780038BD95 /* DailyMusic.swift */,
				FB8DDFAF2BD6D3870038BD95 /* Music.swift */,
			);
			path = Models;
			sourceTree = "<group>";
		};
		FB8DDFA92BD6D3480038BD95 /* ViewModels */ = {
			isa = PBXGroup;
			children = (
				FB8DDFAB2BD6D3600038BD95 /* ContentViewModel.swift */,
			);
			path = ViewModels;
			sourceTree = "<group>";
		};
		FB8DDFAA2BD6D34D0038BD95 /* Extensions */ = {
			isa = PBXGroup;
			children = (
				FB8DDFB12BD6D3A90038BD95 /* Extension+date.swift */,
			);
			path = Extensions;
			sourceTree = "<group>";
		};
		FB8DDFBC2BD6D7940038BD95 /* Resources */ = {
			isa = PBXGroup;
			children = (
				FB8DDFBE2BD6D7A90038BD95 /* Fonts */,
			);
			path = Resources;
			sourceTree = "<group>";
		};
		FB8DDFBE2BD6D7A90038BD95 /* Fonts */ = {
			isa = PBXGroup;
			children = (
				FB8DDFC22BD6D80E0038BD95 /* ShipporiMincho-Bold.ttf */,
				FB8DDFC12BD6D80D0038BD95 /* ShipporiMincho-ExtraBold.ttf */,
				FB8DDFC02BD6D80D0038BD95 /* ShipporiMincho-Medium.ttf */,
				FB8DDFC32BD6D80E0038BD95 /* ShipporiMincho-Regular.ttf */,
				FB8DDFBF2BD6D80D0038BD95 /* ShipporiMincho-SemiBold.ttf */,
			);
			path = Fonts;
			sourceTree = "<group>";
		};
/* End PBXGroup section */

/* Begin PBXNativeTarget section */
		FB8DDF8A2BD6D1FE0038BD95 /* theMusium */ = {
			isa = PBXNativeTarget;
			buildConfigurationList = FB8DDF9B2BD6D1FF0038BD95 /* Build configuration list for PBXNativeTarget "theMusium" */;
			buildPhases = (
				FB8DDF872BD6D1FE0038BD95 /* Sources */,
				FB8DDF882BD6D1FE0038BD95 /* Frameworks */,
				FB8DDF892BD6D1FE0038BD95 /* Resources */,
			);
			buildRules = (
			);
			dependencies = (
			);
			name = theMusium;
			productName = theMusium;
			productReference = FB8DDF8B2BD6D1FE0038BD95 /* theMusium.app */;
			productType = "com.apple.product-type.application";
		};
/* End PBXNativeTarget section */

/* Begin PBXProject section */
		FB8DDF832BD6D1FE0038BD95 /* Project object */ = {
			isa = PBXProject;
			attributes = {
				BuildIndependentTargetsInParallel = 1;
				LastSwiftUpdateCheck = 1530;
				LastUpgradeCheck = 1530;
				TargetAttributes = {
					FB8DDF8A2BD6D1FE0038BD95 = {
						CreatedOnToolsVersion = 15.3;
					};
				};
			};
			buildConfigurationList = FB8DDF862BD6D1FE0038BD95 /* Build configuration list for PBXProject "theMusium" */;
			compatibilityVersion = "Xcode 14.0";
			developmentRegion = en;
			hasScannedForEncodings = 0;
			knownRegions = (
				en,
				Base,
			);
			mainGroup = FB8DDF822BD6D1FE0038BD95;
			productRefGroup = FB8DDF8C2BD6D1FE0038BD95 /* Products */;
			projectDirPath = "";
			projectRoot = "";
			targets = (
				FB8DDF8A2BD6D1FE0038BD95 /* theMusium */,
			);
		};
/* End PBXProject section */

/* Begin PBXResourcesBuildPhase section */
		FB8DDF892BD6D1FE0038BD95 /* Resources */ = {
			isa = PBXResourcesBuildPhase;
			buildActionMask = 2147483647;
			files = (
				FB8DDF982BD6D1FF0038BD95 /* Preview Assets.xcassets in Resources */,
				FB8DDFC82BD6D80E0038BD95 /* ShipporiMincho-Regular.ttf in Resources */,
				FB8DDFC72BD6D80E0038BD95 /* ShipporiMincho-Bold.ttf in Resources */,
				FB8DDF952BD6D1FF0038BD95 /* Assets.xcassets in Resources */,
				FB8DDFC42BD6D80E0038BD95 /* ShipporiMincho-SemiBold.ttf in Resources */,
				FB8DDFC52BD6D80E0038BD95 /* ShipporiMincho-Medium.ttf in Resources */,
				FB8DDFC62BD6D80E0038BD95 /* ShipporiMincho-ExtraBold.ttf in Resources */,
			);
			runOnlyForDeploymentPostprocessing = 0;
		};
/* End PBXResourcesBuildPhase section */

/* Begin PBXSourcesBuildPhase section */
		FB8DDF872BD6D1FE0038BD95 /* Sources */ = {
			isa = PBXSourcesBuildPhase;
			buildActionMask = 2147483647;
			files = (
				FB8DDF912BD6D1FE0038BD95 /* ContentView.swift in Sources */,
				FB8DDFA72BD6D3200038BD95 /* AddTodayMusicButtonLabel.swift in Sources */,
				FB8DDFAE2BD6D3780038BD95 /* DailyMusic.swift in Sources */,
				FB8DDFA22BD6D2E50038BD95 /* MusicSearchView.swift in Sources */,
				FB8DDFA42BD6D2FA0038BD95 /* AddTodayMusicView.swift in Sources */,
				FB8DDFB42BD6D3EE0038BD95 /* DateTitleView.swift in Sources */,
				FB8DDFAC2BD6D3600038BD95 /* ContentViewModel.swift in Sources */,
				FB8DDF932BD6D1FE0038BD95 /* Item.swift in Sources */,
				FB8DDFB62BD6D4040038BD95 /* DottedLine.swift in Sources */,
				FB8DDFB22BD6D3A90038BD95 /* Extension+date.swift in Sources */,
				FB8DDFBA2BD6D4480038BD95 /* MusicSearchRow.swift in Sources */,
				FB8DDFB02BD6D3870038BD95 /* Music.swift in Sources */,
				FB8DDFA02BD6D2D10038BD95 /* MusicView.swift in Sources */,
				FB8DDFB82BD6D4160038BD95 /* MusicCalendarView.swift in Sources */,
				FB8DDF8F2BD6D1FE0038BD95 /* theMusiumApp.swift in Sources */,
			);
			runOnlyForDeploymentPostprocessing = 0;
		};
/* End PBXSourcesBuildPhase section */

/* Begin XCBuildConfiguration section */
		FB8DDF992BD6D1FF0038BD95 /* Debug */ = {
			isa = XCBuildConfiguration;
			buildSettings = {
				ALWAYS_SEARCH_USER_PATHS = NO;
				ASSETCATALOG_COMPILER_GENERATE_SWIFT_ASSET_SYMBOL_EXTENSIONS = YES;
				CLANG_ANALYZER_NONNULL = YES;
				CLANG_ANALYZER_NUMBER_OBJECT_CONVERSION = YES_AGGRESSIVE;
				CLANG_CXX_LANGUAGE_STANDARD = "gnu++20";
				CLANG_ENABLE_MODULES = YES;
				CLANG_ENABLE_OBJC_ARC = YES;
				CLANG_ENABLE_OBJC_WEAK = YES;
				CLANG_WARN_BLOCK_CAPTURE_AUTORELEASING = YES;
				CLANG_WARN_BOOL_CONVERSION = YES;
				CLANG_WARN_COMMA = YES;
				CLANG_WARN_CONSTANT_CONVERSION = YES;
				CLANG_WARN_DEPRECATED_OBJC_IMPLEMENTATIONS = YES;
				CLANG_WARN_DIRECT_OBJC_ISA_USAGE = YES_ERROR;
				CLANG_WARN_DOCUMENTATION_COMMENTS = YES;
				CLANG_WARN_EMPTY_BODY = YES;
				CLANG_WARN_ENUM_CONVERSION = YES;
				CLANG_WARN_INFINITE_RECURSION = YES;
				CLANG_WARN_INT_CONVERSION = YES;
				CLANG_WARN_NON_LITERAL_NULL_CONVERSION = YES;
				CLANG_WARN_OBJC_IMPLICIT_RETAIN_SELF = YES;
				CLANG_WARN_OBJC_LITERAL_CONVERSION = YES;
				CLANG_WARN_OBJC_ROOT_CLASS = YES_ERROR;
				CLANG_WARN_QUOTED_INCLUDE_IN_FRAMEWORK_HEADER = YES;
				CLANG_WARN_RANGE_LOOP_ANALYSIS = YES;
				CLANG_WARN_STRICT_PROTOTYPES = YES;
				CLANG_WARN_SUSPICIOUS_MOVE = YES;
				CLANG_WARN_UNGUARDED_AVAILABILITY = YES_AGGRESSIVE;
				CLANG_WARN_UNREACHABLE_CODE = YES;
				CLANG_WARN__DUPLICATE_METHOD_MATCH = YES;
				COPY_PHASE_STRIP = NO;
				DEBUG_INFORMATION_FORMAT = dwarf;
				ENABLE_STRICT_OBJC_MSGSEND = YES;
				ENABLE_TESTABILITY = YES;
				ENABLE_USER_SCRIPT_SANDBOXING = YES;
				GCC_C_LANGUAGE_STANDARD = gnu17;
				GCC_DYNAMIC_NO_PIC = NO;
				GCC_NO_COMMON_BLOCKS = YES;
				GCC_OPTIMIZATION_LEVEL = 0;
				GCC_PREPROCESSOR_DEFINITIONS = (
					"DEBUG=1",
					"$(inherited)",
				);
				GCC_WARN_64_TO_32_BIT_CONVERSION = YES;
				GCC_WARN_ABOUT_RETURN_TYPE = YES_ERROR;
				GCC_WARN_UNDECLARED_SELECTOR = YES;
				GCC_WARN_UNINITIALIZED_AUTOS = YES_AGGRESSIVE;
				GCC_WARN_UNUSED_FUNCTION = YES;
				GCC_WARN_UNUSED_VARIABLE = YES;
				IPHONEOS_DEPLOYMENT_TARGET = 17.4;
				LOCALIZATION_PREFERS_STRING_CATALOGS = YES;
				MTL_ENABLE_DEBUG_INFO = INCLUDE_SOURCE;
				MTL_FAST_MATH = YES;
				ONLY_ACTIVE_ARCH = YES;
				SDKROOT = iphoneos;
				SWIFT_ACTIVE_COMPILATION_CONDITIONS = "DEBUG $(inherited)";
				SWIFT_OPTIMIZATION_LEVEL = "-Onone";
			};
			name = Debug;
		};
		FB8DDF9A2BD6D1FF0038BD95 /* Release */ = {
			isa = XCBuildConfiguration;
			buildSettings = {
				ALWAYS_SEARCH_USER_PATHS = NO;
				ASSETCATALOG_COMPILER_GENERATE_SWIFT_ASSET_SYMBOL_EXTENSIONS = YES;
				CLANG_ANALYZER_NONNULL = YES;
				CLANG_ANALYZER_NUMBER_OBJECT_CONVERSION = YES_AGGRESSIVE;
				CLANG_CXX_LANGUAGE_STANDARD = "gnu++20";
				CLANG_ENABLE_MODULES = YES;
				CLANG_ENABLE_OBJC_ARC = YES;
				CLANG_ENABLE_OBJC_WEAK = YES;
				CLANG_WARN_BLOCK_CAPTURE_AUTORELEASING = YES;
				CLANG_WARN_BOOL_CONVERSION = YES;
				CLANG_WARN_COMMA = YES;
				CLANG_WARN_CONSTANT_CONVERSION = YES;
				CLANG_WARN_DEPRECATED_OBJC_IMPLEMENTATIONS = YES;
				CLANG_WARN_DIRECT_OBJC_ISA_USAGE = YES_ERROR;
				CLANG_WARN_DOCUMENTATION_COMMENTS = YES;
				CLANG_WARN_EMPTY_BODY = YES;
				CLANG_WARN_ENUM_CONVERSION = YES;
				CLANG_WARN_INFINITE_RECURSION = YES;
				CLANG_WARN_INT_CONVERSION = YES;
				CLANG_WARN_NON_LITERAL_NULL_CONVERSION = YES;
				CLANG_WARN_OBJC_IMPLICIT_RETAIN_SELF = YES;
				CLANG_WARN_OBJC_LITERAL_CONVERSION = YES;
				CLANG_WARN_OBJC_ROOT_CLASS = YES_ERROR;
				CLANG_WARN_QUOTED_INCLUDE_IN_FRAMEWORK_HEADER = YES;
				CLANG_WARN_RANGE_LOOP_ANALYSIS = YES;
				CLANG_WARN_STRICT_PROTOTYPES = YES;
				CLANG_WARN_SUSPICIOUS_MOVE = YES;
				CLANG_WARN_UNGUARDED_AVAILABILITY = YES_AGGRESSIVE;
				CLANG_WARN_UNREACHABLE_CODE = YES;
				CLANG_WARN__DUPLICATE_METHOD_MATCH = YES;
				COPY_PHASE_STRIP = NO;
				DEBUG_INFORMATION_FORMAT = "dwarf-with-dsym";
				ENABLE_NS_ASSERTIONS = NO;
				ENABLE_STRICT_OBJC_MSGSEND = YES;
				ENABLE_USER_SCRIPT_SANDBOXING = YES;
				GCC_C_LANGUAGE_STANDARD = gnu17;
				GCC_NO_COMMON_BLOCKS = YES;
				GCC_WARN_64_TO_32_BIT_CONVERSION = YES;
				GCC_WARN_ABOUT_RETURN_TYPE = YES_ERROR;
				GCC_WARN_UNDECLARED_SELECTOR = YES;
				GCC_WARN_UNINITIALIZED_AUTOS = YES_AGGRESSIVE;
				GCC_WARN_UNUSED_FUNCTION = YES;
				GCC_WARN_UNUSED_VARIABLE = YES;
				IPHONEOS_DEPLOYMENT_TARGET = 17.4;
				LOCALIZATION_PREFERS_STRING_CATALOGS = YES;
				MTL_ENABLE_DEBUG_INFO = NO;
				MTL_FAST_MATH = YES;
				SDKROOT = iphoneos;
				SWIFT_COMPILATION_MODE = wholemodule;
				VALIDATE_PRODUCT = YES;
			};
			name = Release;
		};
		FB8DDF9C2BD6D1FF0038BD95 /* Debug */ = {
			isa = XCBuildConfiguration;
			buildSettings = {
				ASSETCATALOG_COMPILER_APPICON_NAME = AppIcon;
				ASSETCATALOG_COMPILER_GLOBAL_ACCENT_COLOR_NAME = AccentColor;
				CODE_SIGN_STYLE = Automatic;
				CURRENT_PROJECT_VERSION = 1;
				DEVELOPMENT_ASSET_PATHS = "\"theMusium/Preview Content\"";
				DEVELOPMENT_TEAM = 2UWGKS2UN5;
				ENABLE_PREVIEWS = YES;
				GENERATE_INFOPLIST_FILE = YES;
				INFOPLIST_FILE = theMusium/Info.plist;
				INFOPLIST_KEY_UIApplicationSceneManifest_Generation = YES;
				INFOPLIST_KEY_UIApplicationSupportsIndirectInputEvents = YES;
				INFOPLIST_KEY_UILaunchScreen_Generation = YES;
				INFOPLIST_KEY_UISupportedInterfaceOrientations_iPad = "UIInterfaceOrientationPortrait UIInterfaceOrientationPortraitUpsideDown UIInterfaceOrientationLandscapeLeft UIInterfaceOrientationLandscapeRight";
				INFOPLIST_KEY_UISupportedInterfaceOrientations_iPhone = "UIInterfaceOrientationPortrait UIInterfaceOrientationLandscapeLeft UIInterfaceOrientationLandscapeRight";
				LD_RUNPATH_SEARCH_PATHS = (
					"$(inherited)",
					"@executable_path/Frameworks",
				);
				MARKETING_VERSION = 1.0;
				PRODUCT_BUNDLE_IDENTIFIER = com.shuwn.theMusium;
				PRODUCT_NAME = "$(TARGET_NAME)";
				SWIFT_EMIT_LOC_STRINGS = YES;
				SWIFT_VERSION = 5.0;
				TARGETED_DEVICE_FAMILY = "1,2";
			};
			name = Debug;
		};
		FB8DDF9D2BD6D1FF0038BD95 /* Release */ = {
			isa = XCBuildConfiguration;
			buildSettings = {
				ASSETCATALOG_COMPILER_APPICON_NAME = AppIcon;
				ASSETCATALOG_COMPILER_GLOBAL_ACCENT_COLOR_NAME = AccentColor;
				CODE_SIGN_STYLE = Automatic;
				CURRENT_PROJECT_VERSION = 1;
				DEVELOPMENT_ASSET_PATHS = "\"theMusium/Preview Content\"";
				DEVELOPMENT_TEAM = 2UWGKS2UN5;
				ENABLE_PREVIEWS = YES;
				GENERATE_INFOPLIST_FILE = YES;
				INFOPLIST_FILE = theMusium/Info.plist;
				INFOPLIST_KEY_UIApplicationSceneManifest_Generation = YES;
				INFOPLIST_KEY_UIApplicationSupportsIndirectInputEvents = YES;
				INFOPLIST_KEY_UILaunchScreen_Generation = YES;
				INFOPLIST_KEY_UISupportedInterfaceOrientations_iPad = "UIInterfaceOrientationPortrait UIInterfaceOrientationPortraitUpsideDown UIInterfaceOrientationLandscapeLeft UIInterfaceOrientationLandscapeRight";
				INFOPLIST_KEY_UISupportedInterfaceOrientations_iPhone = "UIInterfaceOrientationPortrait UIInterfaceOrientationLandscapeLeft UIInterfaceOrientationLandscapeRight";
				LD_RUNPATH_SEARCH_PATHS = (
					"$(inherited)",
					"@executable_path/Frameworks",
				);
				MARKETING_VERSION = 1.0;
				PRODUCT_BUNDLE_IDENTIFIER = com.shuwn.theMusium;
				PRODUCT_NAME = "$(TARGET_NAME)";
				SWIFT_EMIT_LOC_STRINGS = YES;
				SWIFT_VERSION = 5.0;
				TARGETED_DEVICE_FAMILY = "1,2";
			};
			name = Release;
		};
/* End XCBuildConfiguration section */

/* Begin XCConfigurationList section */
		FB8DDF862BD6D1FE0038BD95 /* Build configuration list for PBXProject "theMusium" */ = {
			isa = XCConfigurationList;
			buildConfigurations = (
				FB8DDF992BD6D1FF0038BD95 /* Debug */,
				FB8DDF9A2BD6D1FF0038BD95 /* Release */,
			);
			defaultConfigurationIsVisible = 0;
			defaultConfigurationName = Release;
		};
		FB8DDF9B2BD6D1FF0038BD95 /* Build configuration list for PBXNativeTarget "theMusium" */ = {
			isa = XCConfigurationList;
			buildConfigurations = (
				FB8DDF9C2BD6D1FF0038BD95 /* Debug */,
				FB8DDF9D2BD6D1FF0038BD95 /* Release */,
			);
			defaultConfigurationIsVisible = 0;
			defaultConfigurationName = Release;
		};
/* End XCConfigurationList section */
	};
	rootObject = FB8DDF832BD6D1FE0038BD95 /* Project object */;
}
